
Microsoft Visual Studio Solution File, Format Version 12.00
# Visual Studio Version 17
VisualStudioVersion = 17.5.002.0
MinimumVisualStudioVersion = 10.0.40219.1
Project("{9A19103F-16F7-4668-BE54-9A1E7A4F7556}") = "BlogMinimalApi", "BlogMinimalApi.csproj", "{5104FB03-C6D0-4802-ACDE-B6624AF4C185}"
EndProject
Global
	GlobalSection(SolutionConfigurationPlatforms) = preSolution
		Debug|Any CPU = Debug|Any CPU
		Release|Any CPU = Release|Any CPU
	EndGlobalSection
	GlobalSection(ProjectConfigurationPlatforms) = postSolution
		{5104FB03-C6D0-4802-ACDE-B6624AF4C185}.Debug|Any CPU.ActiveCfg = Debug|Any CPU
		{5104FB03-C6D0-4802-ACDE-B6624AF4C185}.Debug|Any CPU.Build.0 = Debug|Any CPU
		{5104FB03-C6D0-4802-ACDE-B6624AF4C185}.Release|Any CPU.ActiveCfg = Release|Any CPU
		{5104FB03-C6D0-4802-ACDE-B6624AF4C185}.Release|Any CPU.Build.0 = Release|Any CPU
	EndGlobalSection
	GlobalSection(SolutionProperties) = preSolution
		HideSolutionNode = FALSE
	EndGlobalSection
	GlobalSection(ExtensibilityGlobals) = postSolution
		SolutionGuid = {63608072-3A72-4992-83EC-8F19E336AB9F}
	EndGlobalSection
EndGlobal
